<?xml version="1.0" encoding="utf-8"?>
<Project ToolsVersion="4.0" xmlns="http://schemas.microsoft.com/developer/msbuild/2003">
  <ItemGroup>
    <Filter Include="SYR">
      <UniqueIdentifier>{DBC7D3B0-C769-FE86-B024-12DB9C6585D7}</UniqueIdentifier>
    </Filter>
    <Filter Include="SYR\Events">
      <UniqueIdentifier>{5FAFB439-CB6F-3070-94AA-79ED002A754C}</UniqueIdentifier>
    </Filter>
    <Filter Include="Platform">
      <UniqueIdentifier>{2AC788B4-1694-E3BF-3FAD-D1672BD9184E}</UniqueIdentifier>
    </Filter>
    <Filter Include="Platform\Windows">
      <UniqueIdentifier>{64FBD71A-50F4-F66C-7926-DCF1657ED678}</UniqueIdentifier>
    </Filter>
  </ItemGroup>
  <ItemGroup>
    <ClInclude Include="src\Platform\Windows\WindowsWindow.h">
      <Filter>Platform\Windows</Filter>
    </ClInclude>
    <ClInclude Include="src\SYR\Events\ApplicationEvent.h">
      <Filter>SYR\Events</Filter>
    </ClInclude>
    <ClInclude Include="src\SYR\Events\Event.h">
      <Filter>SYR\Events</Filter>
    </ClInclude>
    <ClInclude Include="src\SYR\Events\KeyEvent.h">
      <Filter>SYR\Events</Filter>
    </ClInclude>
    <ClInclude Include="src\SYR\Events\MouseEvent.h">
      <Filter>SYR\Events</Filter>
    </ClInclude>
    <ClInclude Include="src\SYR\Application.h">
      <Filter>SYR</Filter>
    </ClInclude>
    <ClInclude Include="src\SYR\Core.h">
      <Filter>SYR</Filter>
    </ClInclude>
    <ClInclude Include="src\SYR\EntryPoint.h">
      <Filter>SYR</Filter>
    </ClInclude>
    <ClInclude Include="src\SYR\Log.h">
      <Filter>SYR</Filter>
    </ClInclude>
    <ClInclude Include="src\SYR\Window.h">
      <Filter>SYR</Filter>
    </ClInclude>
    <ClInclude Include="src\syrpch.h" />
    <ClInclude Include="src\SYR.h" />
  </ItemGroup>
  <ItemGroup>
    <ClCompile Include="src\Platform\Windows\WindowsWindow.cpp">
      <Filter>Platform\Windows</Filter>
    </ClCompile>
    <ClCompile Include="src\SYR\Application.cpp">
      <Filter>SYR</Filter>
    </ClCompile>
    <ClCompile Include="src\SYR\Log.cpp">
      <Filter>SYR</Filter>
    </ClCompile>
    <ClCompile Include="src\syrpch.cpp" />
  </ItemGroup>
</Project>